# This file is automatically @generated by Cargo.
# It is not intended for manual editing.
[[package]]
name = "bitflags"
version = "1.2.1"
source = "registry+https://github.com/rust-lang/crates.io-index"
checksum = "cf1de2fe8c75bc145a2f577add951f8134889b4795d47466a54a5c846d691693"

[[package]]
name = "bruh_os"
version = "0.1.0"
dependencies = [
 "bitflags",
 "linux_console_font",
 "spin",
 "stivale",
 "zap_font",
]

[[package]]
name = "linux_console_font"
version = "0.1.0"
source = "git+https://github.com/safinsingh/linux_console_font#92ef7f8e64c81610c4046a9d3997dea5c78c798d"

[[package]]
name = "spin"
version = "0.7.1"
source = "registry+https://github.com/rust-lang/crates.io-index"
checksum = "13287b4da9d1207a4f4929ac390916d64eacfe236a487e9a9f5b3be392be5162"

[[package]]
name = "stivale"
version = "0.2.1"
source = "git+https://github.com/safinsingh/stivale-rs#82b781618ebbfa7a0ea2bb3549fc1f037a5a2f5c"
dependencies = [
 "bitflags",
]

[[package]]
name = "zap_font"
version = "0.1.0"
